
Microsoft Visual Studio Solution File, Format Version 12.00
# Visual Studio 15
VisualStudioVersion = 15.0.28010.2016
MinimumVisualStudioVersion = 10.0.40219.1
Project("{FAE04EC0-301F-11D3-BF4B-00C04F79EFBC}") = "RoodMorse", "RoodMorse\RoodMorse.csproj", "{88BE9FA0-3A00-43C6-9637-A3C974A68FE5}"
EndProject
Global
	GlobalSection(SolutionConfigurationPlatforms) = preSolution
		Debug|Any CPU = Debug|Any CPU
		Release|Any CPU = Release|Any CPU
	EndGlobalSection
	GlobalSection(ProjectConfigurationPlatforms) = postSolution
		{88BE9FA0-3A00-43C6-9637-A3C974A68FE5}.Debug|Any CPU.ActiveCfg = Debug|Any CPU
		{88BE9FA0-3A00-43C6-9637-A3C974A68FE5}.Debug|Any CPU.Build.0 = Debug|Any CPU
		{88BE9FA0-3A00-43C6-9637-A3C974A68FE5}.Release|Any CPU.ActiveCfg = Release|Any CPU
		{88BE9FA0-3A00-43C6-9637-A3C974A68FE5}.Release|Any CPU.Build.0 = Release|Any CPU
	EndGlobalSection
	GlobalSection(SolutionProperties) = preSolution
		HideSolutionNode = FALSE
	EndGlobalSection
	GlobalSection(ExtensibilityGlobals) = postSolution
		SolutionGuid = {8420F218-F33A-4CEB-BB79-4CC159B13DDF}
	EndGlobalSection
EndGlobal
